# This file is automatically @generated by Poetry and should not be changed by hand.

[[package]]
name = "click"
version = "8.3.1"
description = "Composable command line interface toolkit"
optional = false
python-versions = ">=3.7"
groups = ["main"]

[package.dependencies]
colorama = {version = "*", markers = "platform_system == \"Windows\""}

[[package]]
name = "colorama"
version = "0.4.6"
description = "Cross-platform colored terminal text."
optional = false
python-versions = ">=2.7"
groups = ["main"]

[package.files]
colorama = []

[[package]]
name = "six"
version = "1.16.0"
description = "Python 2 and 3 compatibility utilities"
optional = false
python-versions = ">=2.7"
groups = ["main"]

[package.files]
six = []

[[package]]
name = "win32-setctime"
version = "1.1.0"
description = "A small Python utility to set file creation time on Windows"
optional = false
python-versions = ">=3.5"
groups = ["main"]

[package.dependencies]

[package.files]
win32-setctime = []

[[package]]
name = "pyreadline3"
version = "3.4.1"
description = "A Python implementation of GNU readline."
optional = false
python-versions = ">=3.8"
groups = ["main"]

[package.files]
pyreadline3 = []

[metadata]
lock-version = "2.1"
python-versions = "^3.8"
content-hash = "dummy"
